{
  "requires": true,
  "lockfileVersion": 1,
  "dependencies": {
    "mobx": {
      "version": "6.3.8",
      "resolved": "https://registry.npmjs.org/mobx/-/mobx-6.3.8.tgz",
      "integrity": "sha512-RfG2y766P1o9u9xrQht/HBXEoUPIr4B3Gjri3reLW/TuHm3I/3TfBBS0OaeMbw19RIF0AymqjDNlJgakN4ZK7g=="
    },
    "mobx-react-lite": {
      "version": "3.2.2",
      "resolved": "https://registry.npmjs.org/mobx-react-lite/-/mobx-react-lite-3.2.2.tgz",
      "integrity": "sha512-FxJJMqmHcnQYOVVs2DdjNHioGlFsXF5/9VHztS9NAfIT3DYrxNZzVi119Zr/OmlWKkWNkAsssSNzPkqautfL4A=="
    }
  }
}
